
Microsoft Visual Studio Solution File, Format Version 12.00
# Visual Studio Version 16
VisualStudioVersion = 16.0.30717.126
MinimumVisualStudioVersion = 10.0.40219.1
Project("{8BC9CEB8-8B4A-11D0-8D11-00A0C91BC942}") = "seqlist exercises", "seqlist exercises\seqlist exercises.vcxproj", "{A789E779-0235-4F63-9CAD-7AAB2DCC94D1}"
EndProject
Global
	GlobalSection(SolutionConfigurationPlatforms) = preSolution
		Debug|x64 = Debug|x64
		Debug|x86 = Debug|x86
		Release|x64 = Release|x64
		Release|x86 = Release|x86
	EndGlobalSection
	GlobalSection(ProjectConfigurationPlatforms) = postSolution
		{A789E779-0235-4F63-9CAD-7AAB2DCC94D1}.Debug|x64.ActiveCfg = Debug|x64
		{A789E779-0235-4F63-9CAD-7AAB2DCC94D1}.Debug|x64.Build.0 = Debug|x64
		{A789E779-0235-4F63-9CAD-7AAB2DCC94D1}.Debug|x86.ActiveCfg = Debug|Win32
		{A789E779-0235-4F63-9CAD-7AAB2DCC94D1}.Debug|x86.Build.0 = Debug|Win32
		{A789E779-0235-4F63-9CAD-7AAB2DCC94D1}.Release|x64.ActiveCfg = Release|x64
		{A789E779-0235-4F63-9CAD-7AAB2DCC94D1}.Release|x64.Build.0 = Release|x64
		{A789E779-0235-4F63-9CAD-7AAB2DCC94D1}.Release|x86.ActiveCfg = Release|Win32
		{A789E779-0235-4F63-9CAD-7AAB2DCC94D1}.Release|x86.Build.0 = Release|Win32
	EndGlobalSection
	GlobalSection(SolutionProperties) = preSolution
		HideSolutionNode = FALSE
	EndGlobalSection
	GlobalSection(ExtensibilityGlobals) = postSolution
		SolutionGuid = {78C7C817-DCAA-43FE-B587-FFBA3583F9B1}
	EndGlobalSection
EndGlobal
