
Microsoft Visual Studio Solution File, Format Version 12.00
# Visual Studio Version 16
VisualStudioVersion = 16.0.30717.126
MinimumVisualStudioVersion = 10.0.40219.1
Project("{8BC9CEB8-8B4A-11D0-8D11-00A0C91BC942}") = "list exercises", "list exercises\list exercises.vcxproj", "{EEAAA87F-2FB1-4D4B-89F9-D4F043B786C9}"
EndProject
Global
	GlobalSection(SolutionConfigurationPlatforms) = preSolution
		Debug|x64 = Debug|x64
		Debug|x86 = Debug|x86
		Release|x64 = Release|x64
		Release|x86 = Release|x86
	EndGlobalSection
	GlobalSection(ProjectConfigurationPlatforms) = postSolution
		{EEAAA87F-2FB1-4D4B-89F9-D4F043B786C9}.Debug|x64.ActiveCfg = Debug|x64
		{EEAAA87F-2FB1-4D4B-89F9-D4F043B786C9}.Debug|x64.Build.0 = Debug|x64
		{EEAAA87F-2FB1-4D4B-89F9-D4F043B786C9}.Debug|x86.ActiveCfg = Debug|Win32
		{EEAAA87F-2FB1-4D4B-89F9-D4F043B786C9}.Debug|x86.Build.0 = Debug|Win32
		{EEAAA87F-2FB1-4D4B-89F9-D4F043B786C9}.Release|x64.ActiveCfg = Release|x64
		{EEAAA87F-2FB1-4D4B-89F9-D4F043B786C9}.Release|x64.Build.0 = Release|x64
		{EEAAA87F-2FB1-4D4B-89F9-D4F043B786C9}.Release|x86.ActiveCfg = Release|Win32
		{EEAAA87F-2FB1-4D4B-89F9-D4F043B786C9}.Release|x86.Build.0 = Release|Win32
	EndGlobalSection
	GlobalSection(SolutionProperties) = preSolution
		HideSolutionNode = FALSE
	EndGlobalSection
	GlobalSection(ExtensibilityGlobals) = postSolution
		SolutionGuid = {DB355FD0-2EDB-4B63-9050-3201F0898AA8}
	EndGlobalSection
EndGlobal
