
Microsoft Visual Studio Solution File, Format Version 12.00
# Visual Studio Version 16
VisualStudioVersion = 16.0.30717.126
MinimumVisualStudioVersion = 10.0.40219.1
Project("{8BC9CEB8-8B4A-11D0-8D11-00A0C91BC942}") = "test.c21_0110", "test.c21_0110\test.c21_0110.vcxproj", "{0B62B07B-A5A2-464B-A235-ADAB9DBD5898}"
EndProject
Global
	GlobalSection(SolutionConfigurationPlatforms) = preSolution
		Debug|x64 = Debug|x64
		Debug|x86 = Debug|x86
		Release|x64 = Release|x64
		Release|x86 = Release|x86
	EndGlobalSection
	GlobalSection(ProjectConfigurationPlatforms) = postSolution
		{0B62B07B-A5A2-464B-A235-ADAB9DBD5898}.Debug|x64.ActiveCfg = Debug|x64
		{0B62B07B-A5A2-464B-A235-ADAB9DBD5898}.Debug|x64.Build.0 = Debug|x64
		{0B62B07B-A5A2-464B-A235-ADAB9DBD5898}.Debug|x86.ActiveCfg = Debug|Win32
		{0B62B07B-A5A2-464B-A235-ADAB9DBD5898}.Debug|x86.Build.0 = Debug|Win32
		{0B62B07B-A5A2-464B-A235-ADAB9DBD5898}.Release|x64.ActiveCfg = Release|x64
		{0B62B07B-A5A2-464B-A235-ADAB9DBD5898}.Release|x64.Build.0 = Release|x64
		{0B62B07B-A5A2-464B-A235-ADAB9DBD5898}.Release|x86.ActiveCfg = Release|Win32
		{0B62B07B-A5A2-464B-A235-ADAB9DBD5898}.Release|x86.Build.0 = Release|Win32
	EndGlobalSection
	GlobalSection(SolutionProperties) = preSolution
		HideSolutionNode = FALSE
	EndGlobalSection
	GlobalSection(ExtensibilityGlobals) = postSolution
		SolutionGuid = {DE5AF697-39A2-40C5-8E98-22C711462567}
	EndGlobalSection
EndGlobal
