
Microsoft Visual Studio Solution File, Format Version 12.00
# Visual Studio Version 16
VisualStudioVersion = 16.0.30717.126
MinimumVisualStudioVersion = 10.0.40219.1
Project("{8BC9CEB8-8B4A-11D0-8D11-00A0C91BC942}") = "test.c20_1217", "test.c20_1217\test.c20_1217.vcxproj", "{9B983F04-7405-4C2F-9C26-D01B62FC519F}"
EndProject
Global
	GlobalSection(SolutionConfigurationPlatforms) = preSolution
		Debug|x64 = Debug|x64
		Debug|x86 = Debug|x86
		Release|x64 = Release|x64
		Release|x86 = Release|x86
	EndGlobalSection
	GlobalSection(ProjectConfigurationPlatforms) = postSolution
		{9B983F04-7405-4C2F-9C26-D01B62FC519F}.Debug|x64.ActiveCfg = Debug|x64
		{9B983F04-7405-4C2F-9C26-D01B62FC519F}.Debug|x64.Build.0 = Debug|x64
		{9B983F04-7405-4C2F-9C26-D01B62FC519F}.Debug|x86.ActiveCfg = Debug|Win32
		{9B983F04-7405-4C2F-9C26-D01B62FC519F}.Debug|x86.Build.0 = Debug|Win32
		{9B983F04-7405-4C2F-9C26-D01B62FC519F}.Release|x64.ActiveCfg = Release|x64
		{9B983F04-7405-4C2F-9C26-D01B62FC519F}.Release|x64.Build.0 = Release|x64
		{9B983F04-7405-4C2F-9C26-D01B62FC519F}.Release|x86.ActiveCfg = Release|Win32
		{9B983F04-7405-4C2F-9C26-D01B62FC519F}.Release|x86.Build.0 = Release|Win32
	EndGlobalSection
	GlobalSection(SolutionProperties) = preSolution
		HideSolutionNode = FALSE
	EndGlobalSection
	GlobalSection(ExtensibilityGlobals) = postSolution
		SolutionGuid = {3EBC1D05-3BAE-4FAC-A5DD-9224B720281A}
	EndGlobalSection
EndGlobal
